
Microsoft Visual Studio Solution File, Format Version 12.00
# Visual Studio Version 16
VisualStudioVersion = 16.0.30320.27
MinimumVisualStudioVersion = 10.0.40219.1
Project("{9A19103F-16F7-4668-BE54-9A1E7A4F7556}") = "nibss_orchad_azure", "nibss_orchad_azure\nibss_orchad_azure.csproj", "{DB5F15E2-A8A6-47EA-9AA0-E96352AF6D6B}"
EndProject
Project("{9A19103F-16F7-4668-BE54-9A1E7A4F7556}") = "CodeCoverage", "CodeCoverage\CodeCoverage.csproj", "{F32652E1-5727-4517-9ED9-BE4EAE2E6101}"
EndProject
Project("{9A19103F-16F7-4668-BE54-9A1E7A4F7556}") = "Account", "Account\Account.csproj", "{364E3702-2F12-44C8-A3A6-AB441853D5E1}"
EndProject
Global
	GlobalSection(SolutionConfigurationPlatforms) = preSolution
		Debug|Any CPU = Debug|Any CPU
		Release|Any CPU = Release|Any CPU
	EndGlobalSection
	GlobalSection(ProjectConfigurationPlatforms) = postSolution
		{DB5F15E2-A8A6-47EA-9AA0-E96352AF6D6B}.Debug|Any CPU.ActiveCfg = Debug|Any CPU
		{DB5F15E2-A8A6-47EA-9AA0-E96352AF6D6B}.Debug|Any CPU.Build.0 = Debug|Any CPU
		{DB5F15E2-A8A6-47EA-9AA0-E96352AF6D6B}.Release|Any CPU.ActiveCfg = Release|Any CPU
		{DB5F15E2-A8A6-47EA-9AA0-E96352AF6D6B}.Release|Any CPU.Build.0 = Release|Any CPU
		{F32652E1-5727-4517-9ED9-BE4EAE2E6101}.Debug|Any CPU.ActiveCfg = Debug|Any CPU
		{F32652E1-5727-4517-9ED9-BE4EAE2E6101}.Debug|Any CPU.Build.0 = Debug|Any CPU
		{F32652E1-5727-4517-9ED9-BE4EAE2E6101}.Release|Any CPU.ActiveCfg = Release|Any CPU
		{F32652E1-5727-4517-9ED9-BE4EAE2E6101}.Release|Any CPU.Build.0 = Release|Any CPU
		{364E3702-2F12-44C8-A3A6-AB441853D5E1}.Debug|Any CPU.ActiveCfg = Debug|Any CPU
		{364E3702-2F12-44C8-A3A6-AB441853D5E1}.Debug|Any CPU.Build.0 = Debug|Any CPU
		{364E3702-2F12-44C8-A3A6-AB441853D5E1}.Release|Any CPU.ActiveCfg = Release|Any CPU
		{364E3702-2F12-44C8-A3A6-AB441853D5E1}.Release|Any CPU.Build.0 = Release|Any CPU
	EndGlobalSection
	GlobalSection(SolutionProperties) = preSolution
		HideSolutionNode = FALSE
	EndGlobalSection
	GlobalSection(ExtensibilityGlobals) = postSolution
		SolutionGuid = {040DB79C-967B-4B70-B772-330670433389}
	EndGlobalSection
EndGlobal
